
Microsoft Visual Studio Solution File, Format Version 12.00
# Visual Studio Version 17
VisualStudioVersion = 17.10.34928.147
MinimumVisualStudioVersion = 10.0.40219.1
Project("{FAE04EC0-301F-11D3-BF4B-00C04F79EFBC}") = "ContactManager", "ContactManager\ContactManager.csproj", "{36BAD3B4-52F9-47D8-9F09-F721CE2B47DF}"
EndProject
Global
	GlobalSection(SolutionConfigurationPlatforms) = preSolution
		Debug|Any CPU = Debug|Any CPU
		Release|Any CPU = Release|Any CPU
	EndGlobalSection
	GlobalSection(ProjectConfigurationPlatforms) = postSolution
		{36BAD3B4-52F9-47D8-9F09-F721CE2B47DF}.Debug|Any CPU.ActiveCfg = Debug|Any CPU
		{36BAD3B4-52F9-47D8-9F09-F721CE2B47DF}.Debug|Any CPU.Build.0 = Debug|Any CPU
		{36BAD3B4-52F9-47D8-9F09-F721CE2B47DF}.Release|Any CPU.ActiveCfg = Release|Any CPU
		{36BAD3B4-52F9-47D8-9F09-F721CE2B47DF}.Release|Any CPU.Build.0 = Release|Any CPU
	EndGlobalSection
	GlobalSection(SolutionProperties) = preSolution
		HideSolutionNode = FALSE
	EndGlobalSection
	GlobalSection(ExtensibilityGlobals) = postSolution
		SolutionGuid = {EBE188C7-59EC-432C-A5FC-99CD52CD4FEF}
	EndGlobalSection
EndGlobal
